{
  "name": "thirsty-ai",
  "version": "0.1.1",
  "lockfileVersion": 3,
  "requires": true,
  "packages": {
    "": {
      "name": "thirsty-ai",
      "version": "0.1.1",
      "license": "MIT",
      "engines": {
        "node": ">=14.0.0"
      },
      "funding": {
        "url": "https://github.com/sponsors/mgks"
      }
    }
  }
}
